
Microsoft Visual Studio Solution File, Format Version 12.00
# Visual Studio Version 16
VisualStudioVersion = 16.0.808.7
MinimumVisualStudioVersion = 10.0.40219.1
Project("{FAE04EC0-301F-11D3-BF4B-00C04F79EFBC}") = "ExamPreparation", "..\..\Solutions\Csharp Advanced\ExamPreparation\ExamPreparation_16.12.2020_Retake\ExamPreparation\ExamPreparation.csproj", "{79A881B4-506C-4F39-AB6A-D2903F94B338}"
EndProject
Project("{FAE04EC0-301F-11D3-BF4B-00C04F79EFBC}") = "FlowerWreaths", "FlowerWreaths\FlowerWreaths.csproj", "{FF980797-36BD-4967-960C-8ECDC1CC3D58}"
EndProject
Project("{FAE04EC0-301F-11D3-BF4B-00C04F79EFBC}") = "Bee", "Bee\Bee.csproj", "{F8BBA04D-52C1-49C8-AFB7-AA3870241C0C}"
EndProject
Project("{FAE04EC0-301F-11D3-BF4B-00C04F79EFBC}") = "VetClinic", "..\03. VetClinic_Skeleton\VetClinic\VetClinic.csproj", "{723B0AF6-4938-4F7B-9E1B-06DB6312DE47}"
EndProject
Global
	GlobalSection(SolutionConfigurationPlatforms) = preSolution
		Debug|Any CPU = Debug|Any CPU
		Release|Any CPU = Release|Any CPU
	EndGlobalSection
	GlobalSection(ProjectConfigurationPlatforms) = postSolution
		{79A881B4-506C-4F39-AB6A-D2903F94B338}.Debug|Any CPU.ActiveCfg = Debug|Any CPU
		{79A881B4-506C-4F39-AB6A-D2903F94B338}.Debug|Any CPU.Build.0 = Debug|Any CPU
		{79A881B4-506C-4F39-AB6A-D2903F94B338}.Release|Any CPU.ActiveCfg = Release|Any CPU
		{79A881B4-506C-4F39-AB6A-D2903F94B338}.Release|Any CPU.Build.0 = Release|Any CPU
		{FF980797-36BD-4967-960C-8ECDC1CC3D58}.Debug|Any CPU.ActiveCfg = Debug|Any CPU
		{FF980797-36BD-4967-960C-8ECDC1CC3D58}.Debug|Any CPU.Build.0 = Debug|Any CPU
		{FF980797-36BD-4967-960C-8ECDC1CC3D58}.Release|Any CPU.ActiveCfg = Release|Any CPU
		{FF980797-36BD-4967-960C-8ECDC1CC3D58}.Release|Any CPU.Build.0 = Release|Any CPU
		{F8BBA04D-52C1-49C8-AFB7-AA3870241C0C}.Debug|Any CPU.ActiveCfg = Debug|Any CPU
		{F8BBA04D-52C1-49C8-AFB7-AA3870241C0C}.Debug|Any CPU.Build.0 = Debug|Any CPU
		{F8BBA04D-52C1-49C8-AFB7-AA3870241C0C}.Release|Any CPU.ActiveCfg = Release|Any CPU
		{F8BBA04D-52C1-49C8-AFB7-AA3870241C0C}.Release|Any CPU.Build.0 = Release|Any CPU
		{723B0AF6-4938-4F7B-9E1B-06DB6312DE47}.Debug|Any CPU.ActiveCfg = Debug|Any CPU
		{723B0AF6-4938-4F7B-9E1B-06DB6312DE47}.Debug|Any CPU.Build.0 = Debug|Any CPU
		{723B0AF6-4938-4F7B-9E1B-06DB6312DE47}.Release|Any CPU.ActiveCfg = Release|Any CPU
		{723B0AF6-4938-4F7B-9E1B-06DB6312DE47}.Release|Any CPU.Build.0 = Release|Any CPU
	EndGlobalSection
	GlobalSection(SolutionProperties) = preSolution
		HideSolutionNode = FALSE
	EndGlobalSection
	GlobalSection(ExtensibilityGlobals) = postSolution
		SolutionGuid = {6BAD1313-F39B-46FA-9E71-7CF81E0E3AA5}
	EndGlobalSection
EndGlobal
