
Microsoft Visual Studio Solution File, Format Version 12.00
# Visual Studio Version 16
VisualStudioVersion = 16.0.808.4
MinimumVisualStudioVersion = 10.0.40219.1
Project("{FAE04EC0-301F-11D3-BF4B-00C04F79EFBC}") = "1.SortEvenNumbers", "1.SortEvenNumbers\1.SortEvenNumbers.csproj", "{6220D805-9B0E-48FF-B0DB-6BD6125C52AA}"
EndProject
Project("{FAE04EC0-301F-11D3-BF4B-00C04F79EFBC}") = "2.SumNumbers", "2.SumNumbers\2.SumNumbers.csproj", "{5B0B0499-2719-46C1-B0A7-4D97A696A400}"
EndProject
Project("{FAE04EC0-301F-11D3-BF4B-00C04F79EFBC}") = "3.CountUppercaseWords", "3.CountUppercaseWords\3.CountUppercaseWords.csproj", "{29488B9D-11F6-4BC6-9417-11A17C984D0E}"
EndProject
Project("{FAE04EC0-301F-11D3-BF4B-00C04F79EFBC}") = "4.AddVAT", "4.AddVAT\4.AddVAT.csproj", "{21DA576F-3823-478C-BE7B-7A59637C8676}"
EndProject
Project("{FAE04EC0-301F-11D3-BF4B-00C04F79EFBC}") = "5.FilterByAge", "5.FilterByAge\5.FilterByAge.csproj", "{ED91B127-BB19-4CCE-B253-46AE315B4305}"
EndProject
Global
	GlobalSection(SolutionConfigurationPlatforms) = preSolution
		Debug|Any CPU = Debug|Any CPU
		Release|Any CPU = Release|Any CPU
	EndGlobalSection
	GlobalSection(ProjectConfigurationPlatforms) = postSolution
		{6220D805-9B0E-48FF-B0DB-6BD6125C52AA}.Debug|Any CPU.ActiveCfg = Debug|Any CPU
		{6220D805-9B0E-48FF-B0DB-6BD6125C52AA}.Debug|Any CPU.Build.0 = Debug|Any CPU
		{6220D805-9B0E-48FF-B0DB-6BD6125C52AA}.Release|Any CPU.ActiveCfg = Release|Any CPU
		{6220D805-9B0E-48FF-B0DB-6BD6125C52AA}.Release|Any CPU.Build.0 = Release|Any CPU
		{5B0B0499-2719-46C1-B0A7-4D97A696A400}.Debug|Any CPU.ActiveCfg = Debug|Any CPU
		{5B0B0499-2719-46C1-B0A7-4D97A696A400}.Debug|Any CPU.Build.0 = Debug|Any CPU
		{5B0B0499-2719-46C1-B0A7-4D97A696A400}.Release|Any CPU.ActiveCfg = Release|Any CPU
		{5B0B0499-2719-46C1-B0A7-4D97A696A400}.Release|Any CPU.Build.0 = Release|Any CPU
		{29488B9D-11F6-4BC6-9417-11A17C984D0E}.Debug|Any CPU.ActiveCfg = Debug|Any CPU
		{29488B9D-11F6-4BC6-9417-11A17C984D0E}.Debug|Any CPU.Build.0 = Debug|Any CPU
		{29488B9D-11F6-4BC6-9417-11A17C984D0E}.Release|Any CPU.ActiveCfg = Release|Any CPU
		{29488B9D-11F6-4BC6-9417-11A17C984D0E}.Release|Any CPU.Build.0 = Release|Any CPU
		{21DA576F-3823-478C-BE7B-7A59637C8676}.Debug|Any CPU.ActiveCfg = Debug|Any CPU
		{21DA576F-3823-478C-BE7B-7A59637C8676}.Debug|Any CPU.Build.0 = Debug|Any CPU
		{21DA576F-3823-478C-BE7B-7A59637C8676}.Release|Any CPU.ActiveCfg = Release|Any CPU
		{21DA576F-3823-478C-BE7B-7A59637C8676}.Release|Any CPU.Build.0 = Release|Any CPU
		{ED91B127-BB19-4CCE-B253-46AE315B4305}.Debug|Any CPU.ActiveCfg = Debug|Any CPU
		{ED91B127-BB19-4CCE-B253-46AE315B4305}.Debug|Any CPU.Build.0 = Debug|Any CPU
		{ED91B127-BB19-4CCE-B253-46AE315B4305}.Release|Any CPU.ActiveCfg = Release|Any CPU
		{ED91B127-BB19-4CCE-B253-46AE315B4305}.Release|Any CPU.Build.0 = Release|Any CPU
	EndGlobalSection
	GlobalSection(SolutionProperties) = preSolution
		HideSolutionNode = FALSE
	EndGlobalSection
	GlobalSection(ExtensibilityGlobals) = postSolution
		SolutionGuid = {DB1ECBBE-0115-44CA-A7EE-642D3DF5BB48}
	EndGlobalSection
EndGlobal
