
Microsoft Visual Studio Solution File, Format Version 12.00
# Visual Studio Version 16
VisualStudioVersion = 16.0.808.7
MinimumVisualStudioVersion = 10.0.40219.1
Project("{FAE04EC0-301F-11D3-BF4B-00C04F79EFBC}") = "ClassroomProject", "..\03. Classroom_Skeleton\ClassroomProject.csproj", "{DD1CB950-A6E0-4191-AB44-FB3F843DBFC2}"
EndProject
Project("{FAE04EC0-301F-11D3-BF4B-00C04F79EFBC}") = "ExamPreparation", "..\..\Solutions\Csharp Advanced\ExamPreparation\ExamPreparation_16.12.2020_Retake\ExamPreparation\ExamPreparation.csproj", "{08F11290-9320-47A2-AC0C-6DD37BB6639D}"
EndProject
Project("{FAE04EC0-301F-11D3-BF4B-00C04F79EFBC}") = "Scheduling", "Scheduling\Scheduling.csproj", "{2F7D17D8-F2BA-4EEE-91F4-F1BE83E64D7F}"
EndProject
Project("{FAE04EC0-301F-11D3-BF4B-00C04F79EFBC}") = "Garden", "Garden\Garden.csproj", "{C10023CE-C070-4A0C-B3F0-7489137A79B5}"
EndProject
Global
	GlobalSection(SolutionConfigurationPlatforms) = preSolution
		Debug|Any CPU = Debug|Any CPU
		Release|Any CPU = Release|Any CPU
	EndGlobalSection
	GlobalSection(ProjectConfigurationPlatforms) = postSolution
		{DD1CB950-A6E0-4191-AB44-FB3F843DBFC2}.Debug|Any CPU.ActiveCfg = Debug|Any CPU
		{DD1CB950-A6E0-4191-AB44-FB3F843DBFC2}.Debug|Any CPU.Build.0 = Debug|Any CPU
		{DD1CB950-A6E0-4191-AB44-FB3F843DBFC2}.Release|Any CPU.ActiveCfg = Release|Any CPU
		{DD1CB950-A6E0-4191-AB44-FB3F843DBFC2}.Release|Any CPU.Build.0 = Release|Any CPU
		{08F11290-9320-47A2-AC0C-6DD37BB6639D}.Debug|Any CPU.ActiveCfg = Debug|Any CPU
		{08F11290-9320-47A2-AC0C-6DD37BB6639D}.Debug|Any CPU.Build.0 = Debug|Any CPU
		{08F11290-9320-47A2-AC0C-6DD37BB6639D}.Release|Any CPU.ActiveCfg = Release|Any CPU
		{08F11290-9320-47A2-AC0C-6DD37BB6639D}.Release|Any CPU.Build.0 = Release|Any CPU
		{2F7D17D8-F2BA-4EEE-91F4-F1BE83E64D7F}.Debug|Any CPU.ActiveCfg = Debug|Any CPU
		{2F7D17D8-F2BA-4EEE-91F4-F1BE83E64D7F}.Debug|Any CPU.Build.0 = Debug|Any CPU
		{2F7D17D8-F2BA-4EEE-91F4-F1BE83E64D7F}.Release|Any CPU.ActiveCfg = Release|Any CPU
		{2F7D17D8-F2BA-4EEE-91F4-F1BE83E64D7F}.Release|Any CPU.Build.0 = Release|Any CPU
		{C10023CE-C070-4A0C-B3F0-7489137A79B5}.Debug|Any CPU.ActiveCfg = Debug|Any CPU
		{C10023CE-C070-4A0C-B3F0-7489137A79B5}.Debug|Any CPU.Build.0 = Debug|Any CPU
		{C10023CE-C070-4A0C-B3F0-7489137A79B5}.Release|Any CPU.ActiveCfg = Release|Any CPU
		{C10023CE-C070-4A0C-B3F0-7489137A79B5}.Release|Any CPU.Build.0 = Release|Any CPU
	EndGlobalSection
	GlobalSection(SolutionProperties) = preSolution
		HideSolutionNode = FALSE
	EndGlobalSection
	GlobalSection(ExtensibilityGlobals) = postSolution
		SolutionGuid = {A7051931-6AF2-4757-AEF0-23A69A29F4D8}
	EndGlobalSection
EndGlobal
