
Microsoft Visual Studio Solution File, Format Version 12.00
# Visual Studio Version 16
VisualStudioVersion = 16.0.808.6
MinimumVisualStudioVersion = 10.0.40219.1
Project("{FAE04EC0-301F-11D3-BF4B-00C04F79EFBC}") = "PersonsInfo", "PersonsInfo\PersonsInfo.csproj", "{90155C1F-AE53-4A79-9244-AAF6F2CFB00C}"
EndProject
Global
	GlobalSection(SolutionConfigurationPlatforms) = preSolution
		Debug|Any CPU = Debug|Any CPU
		Release|Any CPU = Release|Any CPU
	EndGlobalSection
	GlobalSection(ProjectConfigurationPlatforms) = postSolution
		{90155C1F-AE53-4A79-9244-AAF6F2CFB00C}.Debug|Any CPU.ActiveCfg = Debug|Any CPU
		{90155C1F-AE53-4A79-9244-AAF6F2CFB00C}.Debug|Any CPU.Build.0 = Debug|Any CPU
		{90155C1F-AE53-4A79-9244-AAF6F2CFB00C}.Release|Any CPU.ActiveCfg = Release|Any CPU
		{90155C1F-AE53-4A79-9244-AAF6F2CFB00C}.Release|Any CPU.Build.0 = Release|Any CPU
	EndGlobalSection
	GlobalSection(SolutionProperties) = preSolution
		HideSolutionNode = FALSE
	EndGlobalSection
	GlobalSection(ExtensibilityGlobals) = postSolution
		SolutionGuid = {93941F1D-2A20-4148-A1D2-57FF8F95E934}
	EndGlobalSection
EndGlobal
