
Microsoft Visual Studio Solution File, Format Version 12.00
# Visual Studio Version 16
VisualStudioVersion = 16.0.808.9
MinimumVisualStudioVersion = 10.0.40219.1
Project("{FAE04EC0-301F-11D3-BF4B-00C04F79EFBC}") = "Task2_Sneaking", "Task2_Sneaking\Task2_Sneaking.csproj", "{5FABC9B0-B56A-4FDB-9E3B-B0EDF40A5266}"
EndProject
Project("{FAE04EC0-301F-11D3-BF4B-00C04F79EFBC}") = "Task4_HitList", "Task4_HitList\Task4_HitList.csproj", "{1E919CD4-239A-4F29-8555-3717DAE3BBBB}"
EndProject
Global
	GlobalSection(SolutionConfigurationPlatforms) = preSolution
		Debug|Any CPU = Debug|Any CPU
		Release|Any CPU = Release|Any CPU
	EndGlobalSection
	GlobalSection(ProjectConfigurationPlatforms) = postSolution
		{5FABC9B0-B56A-4FDB-9E3B-B0EDF40A5266}.Debug|Any CPU.ActiveCfg = Debug|Any CPU
		{5FABC9B0-B56A-4FDB-9E3B-B0EDF40A5266}.Debug|Any CPU.Build.0 = Debug|Any CPU
		{5FABC9B0-B56A-4FDB-9E3B-B0EDF40A5266}.Release|Any CPU.ActiveCfg = Release|Any CPU
		{5FABC9B0-B56A-4FDB-9E3B-B0EDF40A5266}.Release|Any CPU.Build.0 = Release|Any CPU
		{1E919CD4-239A-4F29-8555-3717DAE3BBBB}.Debug|Any CPU.ActiveCfg = Debug|Any CPU
		{1E919CD4-239A-4F29-8555-3717DAE3BBBB}.Debug|Any CPU.Build.0 = Debug|Any CPU
		{1E919CD4-239A-4F29-8555-3717DAE3BBBB}.Release|Any CPU.ActiveCfg = Release|Any CPU
		{1E919CD4-239A-4F29-8555-3717DAE3BBBB}.Release|Any CPU.Build.0 = Release|Any CPU
	EndGlobalSection
	GlobalSection(SolutionProperties) = preSolution
		HideSolutionNode = FALSE
	EndGlobalSection
	GlobalSection(ExtensibilityGlobals) = postSolution
		SolutionGuid = {941FF9AB-1D73-46AD-A617-9AC3BA886084}
	EndGlobalSection
EndGlobal
