
Microsoft Visual Studio Solution File, Format Version 12.00
# Visual Studio Version 16
VisualStudioVersion = 16.0.808.4
MinimumVisualStudioVersion = 10.0.40219.1
Project("{FAE04EC0-301F-11D3-BF4B-00C04F79EFBC}") = "3.SpecialCar", "3.SpecialCar.csproj", "{EE6A1035-C52F-4A8A-9F89-B854AEACB2CD}"
EndProject
Global
	GlobalSection(SolutionConfigurationPlatforms) = preSolution
		Debug|Any CPU = Debug|Any CPU
		Release|Any CPU = Release|Any CPU
	EndGlobalSection
	GlobalSection(ProjectConfigurationPlatforms) = postSolution
		{EE6A1035-C52F-4A8A-9F89-B854AEACB2CD}.Debug|Any CPU.ActiveCfg = Debug|Any CPU
		{EE6A1035-C52F-4A8A-9F89-B854AEACB2CD}.Debug|Any CPU.Build.0 = Debug|Any CPU
		{EE6A1035-C52F-4A8A-9F89-B854AEACB2CD}.Release|Any CPU.ActiveCfg = Release|Any CPU
		{EE6A1035-C52F-4A8A-9F89-B854AEACB2CD}.Release|Any CPU.Build.0 = Release|Any CPU
	EndGlobalSection
	GlobalSection(SolutionProperties) = preSolution
		HideSolutionNode = FALSE
	EndGlobalSection
	GlobalSection(ExtensibilityGlobals) = postSolution
		SolutionGuid = {E1E7315D-4F0E-448C-B2DE-3AE0BC179E9C}
	EndGlobalSection
EndGlobal
