
Microsoft Visual Studio Solution File, Format Version 12.00
# Visual Studio Version 16
VisualStudioVersion = 16.0.808.4
MinimumVisualStudioVersion = 10.0.40219.1
Project("{FAE04EC0-301F-11D3-BF4B-00C04F79EFBC}") = "BasicStackOperations", "BasicStackOperations\BasicStackOperations.csproj", "{D15009A0-A98B-4373-BE8A-8CC201C875F5}"
EndProject
Project("{FAE04EC0-301F-11D3-BF4B-00C04F79EFBC}") = "BasicQueueOperations", "BasicQueueOperations\BasicQueueOperations.csproj", "{AC3BA115-ECB3-45FD-8DA6-F7DF6BE98E31}"
EndProject
Project("{FAE04EC0-301F-11D3-BF4B-00C04F79EFBC}") = "MaxAndMInElements", "MaxAndMInElements\MaxAndMInElements.csproj", "{58B3B060-C05B-4E6A-A12A-435DEE54B37A}"
EndProject
Project("{FAE04EC0-301F-11D3-BF4B-00C04F79EFBC}") = "FastFood", "FastFood\FastFood.csproj", "{A47F631A-6108-422D-A078-7EED275F4381}"
EndProject
Project("{FAE04EC0-301F-11D3-BF4B-00C04F79EFBC}") = "FashionBoutique", "FashionBoutique\FashionBoutique.csproj", "{DB03A833-62CC-4859-B2F1-61514883F5E7}"
EndProject
Project("{FAE04EC0-301F-11D3-BF4B-00C04F79EFBC}") = "SongsQueue", "SongsQueue\SongsQueue.csproj", "{43E9933B-D57C-4E86-98E2-B10C00A642A7}"
EndProject
Project("{FAE04EC0-301F-11D3-BF4B-00C04F79EFBC}") = "TruckTour", "TruckTour\TruckTour.csproj", "{185AC619-9A16-4A03-A40C-A59BCF4D23E2}"
EndProject
Project("{FAE04EC0-301F-11D3-BF4B-00C04F79EFBC}") = "SimpleTextEditor", "SimpleTextEditor\SimpleTextEditor.csproj", "{D47B84BB-22F5-42A8-9E41-ABA1EC908D66}"
EndProject
Project("{FAE04EC0-301F-11D3-BF4B-00C04F79EFBC}") = "Crossroads", "Crossroads\Crossroads.csproj", "{67D6BFCE-B14E-47F4-9E35-2B7D8AB9757F}"
EndProject
Project("{FAE04EC0-301F-11D3-BF4B-00C04F79EFBC}") = "BalancedBracketsMINE", "BalancedBracketsMINE\BalancedBracketsMINE.csproj", "{40B2B32F-5865-436B-98C3-EBB73C29DBCF}"
EndProject
Project("{FAE04EC0-301F-11D3-BF4B-00C04F79EFBC}") = "KeyRevolver", "KeyRevolver\KeyRevolver.csproj", "{4E923016-2961-4B9E-92F5-59428EB28FBF}"
EndProject
Project("{FAE04EC0-301F-11D3-BF4B-00C04F79EFBC}") = "CupsAndBottles", "CupsAndBottles\CupsAndBottles.csproj", "{99CCE147-184A-47E8-A11A-4396BBF1D1F8}"
EndProject
Global
	GlobalSection(SolutionConfigurationPlatforms) = preSolution
		Debug|Any CPU = Debug|Any CPU
		Release|Any CPU = Release|Any CPU
	EndGlobalSection
	GlobalSection(ProjectConfigurationPlatforms) = postSolution
		{D15009A0-A98B-4373-BE8A-8CC201C875F5}.Debug|Any CPU.ActiveCfg = Debug|Any CPU
		{D15009A0-A98B-4373-BE8A-8CC201C875F5}.Debug|Any CPU.Build.0 = Debug|Any CPU
		{D15009A0-A98B-4373-BE8A-8CC201C875F5}.Release|Any CPU.ActiveCfg = Release|Any CPU
		{D15009A0-A98B-4373-BE8A-8CC201C875F5}.Release|Any CPU.Build.0 = Release|Any CPU
		{AC3BA115-ECB3-45FD-8DA6-F7DF6BE98E31}.Debug|Any CPU.ActiveCfg = Debug|Any CPU
		{AC3BA115-ECB3-45FD-8DA6-F7DF6BE98E31}.Debug|Any CPU.Build.0 = Debug|Any CPU
		{AC3BA115-ECB3-45FD-8DA6-F7DF6BE98E31}.Release|Any CPU.ActiveCfg = Release|Any CPU
		{AC3BA115-ECB3-45FD-8DA6-F7DF6BE98E31}.Release|Any CPU.Build.0 = Release|Any CPU
		{58B3B060-C05B-4E6A-A12A-435DEE54B37A}.Debug|Any CPU.ActiveCfg = Debug|Any CPU
		{58B3B060-C05B-4E6A-A12A-435DEE54B37A}.Debug|Any CPU.Build.0 = Debug|Any CPU
		{58B3B060-C05B-4E6A-A12A-435DEE54B37A}.Release|Any CPU.ActiveCfg = Release|Any CPU
		{58B3B060-C05B-4E6A-A12A-435DEE54B37A}.Release|Any CPU.Build.0 = Release|Any CPU
		{A47F631A-6108-422D-A078-7EED275F4381}.Debug|Any CPU.ActiveCfg = Debug|Any CPU
		{A47F631A-6108-422D-A078-7EED275F4381}.Debug|Any CPU.Build.0 = Debug|Any CPU
		{A47F631A-6108-422D-A078-7EED275F4381}.Release|Any CPU.ActiveCfg = Release|Any CPU
		{A47F631A-6108-422D-A078-7EED275F4381}.Release|Any CPU.Build.0 = Release|Any CPU
		{DB03A833-62CC-4859-B2F1-61514883F5E7}.Debug|Any CPU.ActiveCfg = Debug|Any CPU
		{DB03A833-62CC-4859-B2F1-61514883F5E7}.Debug|Any CPU.Build.0 = Debug|Any CPU
		{DB03A833-62CC-4859-B2F1-61514883F5E7}.Release|Any CPU.ActiveCfg = Release|Any CPU
		{DB03A833-62CC-4859-B2F1-61514883F5E7}.Release|Any CPU.Build.0 = Release|Any CPU
		{43E9933B-D57C-4E86-98E2-B10C00A642A7}.Debug|Any CPU.ActiveCfg = Debug|Any CPU
		{43E9933B-D57C-4E86-98E2-B10C00A642A7}.Debug|Any CPU.Build.0 = Debug|Any CPU
		{43E9933B-D57C-4E86-98E2-B10C00A642A7}.Release|Any CPU.ActiveCfg = Release|Any CPU
		{43E9933B-D57C-4E86-98E2-B10C00A642A7}.Release|Any CPU.Build.0 = Release|Any CPU
		{185AC619-9A16-4A03-A40C-A59BCF4D23E2}.Debug|Any CPU.ActiveCfg = Debug|Any CPU
		{185AC619-9A16-4A03-A40C-A59BCF4D23E2}.Debug|Any CPU.Build.0 = Debug|Any CPU
		{185AC619-9A16-4A03-A40C-A59BCF4D23E2}.Release|Any CPU.ActiveCfg = Release|Any CPU
		{185AC619-9A16-4A03-A40C-A59BCF4D23E2}.Release|Any CPU.Build.0 = Release|Any CPU
		{D47B84BB-22F5-42A8-9E41-ABA1EC908D66}.Debug|Any CPU.ActiveCfg = Debug|Any CPU
		{D47B84BB-22F5-42A8-9E41-ABA1EC908D66}.Debug|Any CPU.Build.0 = Debug|Any CPU
		{D47B84BB-22F5-42A8-9E41-ABA1EC908D66}.Release|Any CPU.ActiveCfg = Release|Any CPU
		{D47B84BB-22F5-42A8-9E41-ABA1EC908D66}.Release|Any CPU.Build.0 = Release|Any CPU
		{67D6BFCE-B14E-47F4-9E35-2B7D8AB9757F}.Debug|Any CPU.ActiveCfg = Debug|Any CPU
		{67D6BFCE-B14E-47F4-9E35-2B7D8AB9757F}.Debug|Any CPU.Build.0 = Debug|Any CPU
		{67D6BFCE-B14E-47F4-9E35-2B7D8AB9757F}.Release|Any CPU.ActiveCfg = Release|Any CPU
		{67D6BFCE-B14E-47F4-9E35-2B7D8AB9757F}.Release|Any CPU.Build.0 = Release|Any CPU
		{40B2B32F-5865-436B-98C3-EBB73C29DBCF}.Debug|Any CPU.ActiveCfg = Debug|Any CPU
		{40B2B32F-5865-436B-98C3-EBB73C29DBCF}.Debug|Any CPU.Build.0 = Debug|Any CPU
		{40B2B32F-5865-436B-98C3-EBB73C29DBCF}.Release|Any CPU.ActiveCfg = Release|Any CPU
		{40B2B32F-5865-436B-98C3-EBB73C29DBCF}.Release|Any CPU.Build.0 = Release|Any CPU
		{4E923016-2961-4B9E-92F5-59428EB28FBF}.Debug|Any CPU.ActiveCfg = Debug|Any CPU
		{4E923016-2961-4B9E-92F5-59428EB28FBF}.Debug|Any CPU.Build.0 = Debug|Any CPU
		{4E923016-2961-4B9E-92F5-59428EB28FBF}.Release|Any CPU.ActiveCfg = Release|Any CPU
		{4E923016-2961-4B9E-92F5-59428EB28FBF}.Release|Any CPU.Build.0 = Release|Any CPU
		{99CCE147-184A-47E8-A11A-4396BBF1D1F8}.Debug|Any CPU.ActiveCfg = Debug|Any CPU
		{99CCE147-184A-47E8-A11A-4396BBF1D1F8}.Debug|Any CPU.Build.0 = Debug|Any CPU
		{99CCE147-184A-47E8-A11A-4396BBF1D1F8}.Release|Any CPU.ActiveCfg = Release|Any CPU
		{99CCE147-184A-47E8-A11A-4396BBF1D1F8}.Release|Any CPU.Build.0 = Release|Any CPU
	EndGlobalSection
	GlobalSection(SolutionProperties) = preSolution
		HideSolutionNode = FALSE
	EndGlobalSection
	GlobalSection(ExtensibilityGlobals) = postSolution
		SolutionGuid = {9C5AEB37-6EC0-403B-831B-4DA4C38BA7A6}
	EndGlobalSection
EndGlobal
